
Microsoft Visual Studio Solution File, Format Version 12.00
# Visual Studio Version 17
VisualStudioVersion = 17.14.36301.6 d17.14
MinimumVisualStudioVersion = 10.0.40219.1
Project("{FAE04EC0-301F-11D3-BF4B-00C04F79EFBC}") = "MassageBooking", "MassageBooking.csproj", "{A965F988-92E4-46A0-A018-46995963D935}"
EndProject
Global
	GlobalSection(SolutionConfigurationPlatforms) = preSolution
		Debug|Any CPU = Debug|Any CPU
		Release|Any CPU = Release|Any CPU
	EndGlobalSection
	GlobalSection(ProjectConfigurationPlatforms) = postSolution
		{A965F988-92E4-46A0-A018-46995963D935}.Debug|Any CPU.ActiveCfg = Debug|Any CPU
		{A965F988-92E4-46A0-A018-46995963D935}.Debug|Any CPU.Build.0 = Debug|Any CPU
		{A965F988-92E4-46A0-A018-46995963D935}.Release|Any CPU.ActiveCfg = Release|Any CPU
		{A965F988-92E4-46A0-A018-46995963D935}.Release|Any CPU.Build.0 = Release|Any CPU
	EndGlobalSection
	GlobalSection(SolutionProperties) = preSolution
		HideSolutionNode = FALSE
	EndGlobalSection
	GlobalSection(ExtensibilityGlobals) = postSolution
		SolutionGuid = {A4A57731-8AA1-427D-9334-F2FDB9132552}
	EndGlobalSection
EndGlobal
